
Microsoft Visual Studio Solution File, Format Version 12.00
# Visual Studio Version 16
VisualStudioVersion = 16.0.29728.190
MinimumVisualStudioVersion = 10.0.40219.1
Project("{FAE04EC0-301F-11D3-BF4B-00C04F79EFBC}") = "OverViewCSharp", "OverViewCSharp\OverViewCSharp.csproj", "{492F89C7-6FF6-41F8-BB8F-6C123C604429}"
EndProject
Global
	GlobalSection(SolutionConfigurationPlatforms) = preSolution
		Debug|Any CPU = Debug|Any CPU
		Release|Any CPU = Release|Any CPU
	EndGlobalSection
	GlobalSection(ProjectConfigurationPlatforms) = postSolution
		{492F89C7-6FF6-41F8-BB8F-6C123C604429}.Debug|Any CPU.ActiveCfg = Debug|Any CPU
		{492F89C7-6FF6-41F8-BB8F-6C123C604429}.Debug|Any CPU.Build.0 = Debug|Any CPU
		{492F89C7-6FF6-41F8-BB8F-6C123C604429}.Release|Any CPU.ActiveCfg = Release|Any CPU
		{492F89C7-6FF6-41F8-BB8F-6C123C604429}.Release|Any CPU.Build.0 = Release|Any CPU
	EndGlobalSection
	GlobalSection(SolutionProperties) = preSolution
		HideSolutionNode = FALSE
	EndGlobalSection
	GlobalSection(ExtensibilityGlobals) = postSolution
		SolutionGuid = {C8BCA3D4-7ADB-4688-85F0-626248FED2CB}
	EndGlobalSection
EndGlobal
