
Microsoft Visual Studio Solution File, Format Version 12.00
# Visual Studio Version 16
VisualStudioVersion = 16.0.29728.190
MinimumVisualStudioVersion = 10.0.40219.1
Project("{FAE04EC0-301F-11D3-BF4B-00C04F79EFBC}") = "usingWebGrid", "usingWebGrid\usingWebGrid.csproj", "{818E2028-B7BA-4033-B544-27C8F55AFEC3}"
EndProject
Global
	GlobalSection(SolutionConfigurationPlatforms) = preSolution
		Debug|Any CPU = Debug|Any CPU
		Release|Any CPU = Release|Any CPU
	EndGlobalSection
	GlobalSection(ProjectConfigurationPlatforms) = postSolution
		{818E2028-B7BA-4033-B544-27C8F55AFEC3}.Debug|Any CPU.ActiveCfg = Debug|Any CPU
		{818E2028-B7BA-4033-B544-27C8F55AFEC3}.Debug|Any CPU.Build.0 = Debug|Any CPU
		{818E2028-B7BA-4033-B544-27C8F55AFEC3}.Release|Any CPU.ActiveCfg = Release|Any CPU
		{818E2028-B7BA-4033-B544-27C8F55AFEC3}.Release|Any CPU.Build.0 = Release|Any CPU
	EndGlobalSection
	GlobalSection(SolutionProperties) = preSolution
		HideSolutionNode = FALSE
	EndGlobalSection
	GlobalSection(ExtensibilityGlobals) = postSolution
		SolutionGuid = {6CE77DAC-53BB-4274-8779-925D400A9C4C}
	EndGlobalSection
EndGlobal
