
Microsoft Visual Studio Solution File, Format Version 12.00
# Visual Studio Version 16
VisualStudioVersion = 16.0.29728.190
MinimumVisualStudioVersion = 10.0.40219.1
Project("{FAE04EC0-301F-11D3-BF4B-00C04F79EFBC}") = "UsingFilters", "UsingFilters\UsingFilters.csproj", "{C893AFE8-70C9-4FE9-9757-4750DC951EC9}"
EndProject
Global
	GlobalSection(SolutionConfigurationPlatforms) = preSolution
		Debug|Any CPU = Debug|Any CPU
		Release|Any CPU = Release|Any CPU
	EndGlobalSection
	GlobalSection(ProjectConfigurationPlatforms) = postSolution
		{C893AFE8-70C9-4FE9-9757-4750DC951EC9}.Debug|Any CPU.ActiveCfg = Debug|Any CPU
		{C893AFE8-70C9-4FE9-9757-4750DC951EC9}.Debug|Any CPU.Build.0 = Debug|Any CPU
		{C893AFE8-70C9-4FE9-9757-4750DC951EC9}.Release|Any CPU.ActiveCfg = Release|Any CPU
		{C893AFE8-70C9-4FE9-9757-4750DC951EC9}.Release|Any CPU.Build.0 = Release|Any CPU
	EndGlobalSection
	GlobalSection(SolutionProperties) = preSolution
		HideSolutionNode = FALSE
	EndGlobalSection
	GlobalSection(ExtensibilityGlobals) = postSolution
		SolutionGuid = {191D4C06-94AE-4674-925B-9E10B0C388D5}
	EndGlobalSection
EndGlobal
